
Microsoft Visual Studio Solution File, Format Version 12.00
# Visual Studio Version 16
VisualStudioVersion = 16.0.31205.134
MinimumVisualStudioVersion = 10.0.40219.1
Project("{FAE04EC0-301F-11D3-BF4B-00C04F79EFBC}") = "Star.View", "Star.View\Star.View.csproj", "{00AE8BAE-D920-4470-BFC8-E0C67BEF3B6E}"
EndProject
Project("{FAE04EC0-301F-11D3-BF4B-00C04F79EFBC}") = "Star.Models", "Star.Models\Star.Models.csproj", "{EAF64CF4-2960-4F16-984B-5C2BCBD88958}"
EndProject
Project("{FAE04EC0-301F-11D3-BF4B-00C04F79EFBC}") = "Star.Tests", "Star.Tests\Star.Tests.csproj", "{DA2BB488-97E7-437F-8468-2373B85DAEF6}"
EndProject
Global
	GlobalSection(SolutionConfigurationPlatforms) = preSolution
		Debug|Any CPU = Debug|Any CPU
		Release|Any CPU = Release|Any CPU
	EndGlobalSection
	GlobalSection(ProjectConfigurationPlatforms) = postSolution
		{00AE8BAE-D920-4470-BFC8-E0C67BEF3B6E}.Debug|Any CPU.ActiveCfg = Debug|Any CPU
		{00AE8BAE-D920-4470-BFC8-E0C67BEF3B6E}.Debug|Any CPU.Build.0 = Debug|Any CPU
		{00AE8BAE-D920-4470-BFC8-E0C67BEF3B6E}.Release|Any CPU.ActiveCfg = Release|Any CPU
		{00AE8BAE-D920-4470-BFC8-E0C67BEF3B6E}.Release|Any CPU.Build.0 = Release|Any CPU
		{EAF64CF4-2960-4F16-984B-5C2BCBD88958}.Debug|Any CPU.ActiveCfg = Debug|Any CPU
		{EAF64CF4-2960-4F16-984B-5C2BCBD88958}.Debug|Any CPU.Build.0 = Debug|Any CPU
		{EAF64CF4-2960-4F16-984B-5C2BCBD88958}.Release|Any CPU.ActiveCfg = Release|Any CPU
		{EAF64CF4-2960-4F16-984B-5C2BCBD88958}.Release|Any CPU.Build.0 = Release|Any CPU
		{DA2BB488-97E7-437F-8468-2373B85DAEF6}.Debug|Any CPU.ActiveCfg = Debug|Any CPU
		{DA2BB488-97E7-437F-8468-2373B85DAEF6}.Debug|Any CPU.Build.0 = Debug|Any CPU
		{DA2BB488-97E7-437F-8468-2373B85DAEF6}.Release|Any CPU.ActiveCfg = Release|Any CPU
		{DA2BB488-97E7-437F-8468-2373B85DAEF6}.Release|Any CPU.Build.0 = Release|Any CPU
	EndGlobalSection
	GlobalSection(SolutionProperties) = preSolution
		HideSolutionNode = FALSE
	EndGlobalSection
	GlobalSection(ExtensibilityGlobals) = postSolution
		SolutionGuid = {A399F504-64E6-45A4-983D-934065FF22AE}
	EndGlobalSection
EndGlobal
